{
    "_readme": [
        "This file locks the dependencies of your project to a known state",
        "Read more about it at https://getcomposer.org/doc/01-basic-usage.md#composer-lock-the-lock-file",
        "This file is @generated automatically"
    ],
    "content-hash": "9f6dbb6d675f27a363b5dbbc860a3e3a",
    "packages": [
        {
            "name": "qikdev/fluentpdo",
            "version": "1.2.5",
            "source": {
                "type": "git",
                "url": "https://github.com/QikDev/fluentpdo.git",
                "reference": "a6b94ae5df08ec34f691d05f4834daf60afa158a"
            },
            "dist": {
                "type": "zip",
                "url": "https://api.github.com/repos/QikDev/fluentpdo/zipball/a6b94ae5df08ec34f691d05f4834daf60afa158a",
                "reference": "a6b94ae5df08ec34f691d05f4834daf60afa158a",
                "shasum": ""
            },
            "type": "library",
            "autoload": {
                "files": [
                    "FluentPDO/FluentPDO.php"
                ]
            },
            "notification-url": "https://packagist.org/downloads/",
            "license": [
                "Apache-2.0",
                "GPL-2.0+"
            ],
            "authors": [
                {
                    "name": "Mike Sevens",
                    "homepage": "https://qikdev.io/"
                }
            ],
            "description": "FluentPDO is small PHP library for rapid query building. Killer feature is smart join builder which generates joins automatically.",
            "homepage": "https://github.com/qikdev/fluentpdo",
            "keywords": [
                "database",
                "dbal",
                "pdo"
            ],
            "time": "2019-04-04T20:06:10+00:00"
        }
    ],
    "packages-dev": [],
    "aliases": [],
    "minimum-stability": "dev",
    "stability-flags": [],
    "prefer-stable": false,
    "prefer-lowest": false,
    "platform": [],
    "platform-dev": []
}
