{
    "_readme": [
        "This file locks the dependencies of your project to a known state",
        "Read more about it at https://getcomposer.org/doc/01-basic-usage.md#composer-lock-the-lock-file",
        "This file is @generated automatically"
    ],
    "content-hash": "6e1ee00d6d8819c0647facd291711cd8",
    "packages": [
        {
            "name": "mistevs/fluentpdo",
            "version": "1.2",
            "source": {
                "type": "git",
                "url": "https://github.com/mistevs/fluentpdo.git",
                "reference": "5dfb398075b970a0ff4ec878eff2b6276b2b7ae3"
            },
            "dist": {
                "type": "zip",
                "url": "https://api.github.com/repos/mistevs/fluentpdo/zipball/5dfb398075b970a0ff4ec878eff2b6276b2b7ae3",
                "reference": "5dfb398075b970a0ff4ec878eff2b6276b2b7ae3",
                "shasum": ""
            },
            "type": "library",
            "autoload": {
                "files": [
                    "FluentPDO/FluentPDO.php"
                ]
            },
            "notification-url": "https://packagist.org/downloads/",
            "license": [
                "Apache-2.0",
                "GPL-2.0+"
            ],
            "authors": [
                {
                    "name": "Mike Sevens",
                    "homepage": "https://mistevs.io/"
                }
            ],
            "description": "FluentPDO is small PHP library for rapid query building. Killer feature is smart join builder which generates joins automatically.",
            "homepage": "https://github.com/mistevs/fluentpdo",
            "keywords": [
                "database",
                "dbal",
                "pdo"
            ],
            "time": "2017-07-05T22:03:18+00:00"
        }
    ],
    "packages-dev": [],
    "aliases": [],
    "minimum-stability": "stable",
    "stability-flags": [],
    "prefer-stable": false,
    "prefer-lowest": false,
    "platform": [],
    "platform-dev": []
}
